
Microsoft Visual Studio Solution File, Format Version 12.00
# Visual Studio Version 17
VisualStudioVersion = 17.14.36310.24 d17.14
MinimumVisualStudioVersion = 10.0.40219.1
Project("{FAE04EC0-301F-11D3-BF4B-00C04F79EFBC}") = "TaskManagementApp", "TaskManagementApp\TaskManagementApp.csproj", "{994947CB-70D3-4F0F-854F-2679DA7CF88F}"
EndProject
Global
	GlobalSection(SolutionConfigurationPlatforms) = preSolution
		Debug|Any CPU = Debug|Any CPU
		Release|Any CPU = Release|Any CPU
	EndGlobalSection
	GlobalSection(ProjectConfigurationPlatforms) = postSolution
		{994947CB-70D3-4F0F-854F-2679DA7CF88F}.Debug|Any CPU.ActiveCfg = Debug|Any CPU
		{994947CB-70D3-4F0F-854F-2679DA7CF88F}.Debug|Any CPU.Build.0 = Debug|Any CPU
		{994947CB-70D3-4F0F-854F-2679DA7CF88F}.Release|Any CPU.ActiveCfg = Release|Any CPU
		{994947CB-70D3-4F0F-854F-2679DA7CF88F}.Release|Any CPU.Build.0 = Release|Any CPU
	EndGlobalSection
	GlobalSection(SolutionProperties) = preSolution
		HideSolutionNode = FALSE
	EndGlobalSection
	GlobalSection(ExtensibilityGlobals) = postSolution
		SolutionGuid = {2723690A-E2AB-469A-B361-590F22707A8F}
	EndGlobalSection
EndGlobal
